
Microsoft Visual Studio Solution File, Format Version 12.00
# Visual Studio Version 17
VisualStudioVersion = 17.3.32708.82
MinimumVisualStudioVersion = 10.0.40219.1
Project("{54A90642-561A-4BB1-A94E-469ADEE60C69}") = "AssetManagementSln", "AssetManagementSln\AssetManagementSln.esproj", "{A3ED43F2-A40A-4BFF-828D-21F4DA2B04A8}"
EndProject
Project("{FAE04EC0-301F-11D3-BF4B-00C04F79EFBC}") = "AssetManagementApi", "AssetManagementApi\AssetManagementApi.csproj", "{72320130-FAE2-45EE-8221-B163E5B6743B}"
EndProject
Global
	GlobalSection(SolutionConfigurationPlatforms) = preSolution
		Debug|Any CPU = Debug|Any CPU
		Release|Any CPU = Release|Any CPU
	EndGlobalSection
	GlobalSection(ProjectConfigurationPlatforms) = postSolution
		{A3ED43F2-A40A-4BFF-828D-21F4DA2B04A8}.Debug|Any CPU.ActiveCfg = Debug|Any CPU
		{A3ED43F2-A40A-4BFF-828D-21F4DA2B04A8}.Debug|Any CPU.Build.0 = Debug|Any CPU
		{A3ED43F2-A40A-4BFF-828D-21F4DA2B04A8}.Debug|Any CPU.Deploy.0 = Debug|Any CPU
		{A3ED43F2-A40A-4BFF-828D-21F4DA2B04A8}.Release|Any CPU.ActiveCfg = Release|Any CPU
		{A3ED43F2-A40A-4BFF-828D-21F4DA2B04A8}.Release|Any CPU.Build.0 = Release|Any CPU
		{A3ED43F2-A40A-4BFF-828D-21F4DA2B04A8}.Release|Any CPU.Deploy.0 = Release|Any CPU
		{72320130-FAE2-45EE-8221-B163E5B6743B}.Debug|Any CPU.ActiveCfg = Debug|Any CPU
		{72320130-FAE2-45EE-8221-B163E5B6743B}.Debug|Any CPU.Build.0 = Debug|Any CPU
		{72320130-FAE2-45EE-8221-B163E5B6743B}.Release|Any CPU.ActiveCfg = Release|Any CPU
		{72320130-FAE2-45EE-8221-B163E5B6743B}.Release|Any CPU.Build.0 = Release|Any CPU
	EndGlobalSection
	GlobalSection(SolutionProperties) = preSolution
		HideSolutionNode = FALSE
	EndGlobalSection
	GlobalSection(ExtensibilityGlobals) = postSolution
		SolutionGuid = {DD79817D-2B38-47E4-B177-9061CC8B6F2B}
	EndGlobalSection
EndGlobal
